// !$*UTF8*$!
{
	archiveVersion = 1;
	classes = {
	};
	objectVersion = 56;
	objects = {

/* Begin PBXBuildFile section */
		82D02F7929F186A600CCCC4D /* AppDelegate.swift in Sources */ = {isa = PBXBuildFile; fileRef = 82D02F7829F186A600CCCC4D /* AppDelegate.swift */; };
		82D02F7B29F186A600CCCC4D /* SceneDelegate.swift in Sources */ = {isa = PBXBuildFile; fileRef = 82D02F7A29F186A600CCCC4D /* SceneDelegate.swift */; };
		82D02F7D29F186A600CCCC4D /* ViewController.swift in Sources */ = {isa = PBXBuildFile; fileRef = 82D02F7C29F186A600CCCC4D /* ViewController.swift */; };
		82D02F8029F186A600CCCC4D /* Main.storyboard in Resources */ = {isa = PBXBuildFile; fileRef = 82D02F7E29F186A600CCCC4D /* Main.storyboard */; };
		82D02F8229F186AA00CCCC4D /* Assets.xcassets in Resources */ = {isa = PBXBuildFile; fileRef = 82D02F8129F186AA00CCCC4D /* Assets.xcassets */; };
		82D02F8529F186AA00CCCC4D /* LaunchScreen.storyboard in Resources */ = {isa = PBXBuildFile; fileRef = 82D02F8329F186AA00CCCC4D /* LaunchScreen.storyboard */; };
		82D02F8D29F1892100CCCC4D /* CompletedViewController.swift in Sources */ = {isa = PBXBuildFile; fileRef = 82D02F8C29F1892100CCCC4D /* CompletedViewController.swift */; };
/* End PBXBuildFile section */

/* Begin PBXFileReference section */
		82D02F7529F186A600CCCC4D /* silly-blanks-starting.app */ = {isa = PBXFileReference; explicitFileType = wrapper.application; includeInIndex = 0; path = "silly-blanks-starting.app"; sourceTree = BUILT_PRODUCTS_DIR; };
		82D02F7829F186A600CCCC4D /* AppDelegate.swift */ = {isa = PBXFileReference; lastKnownFileType = sourcecode.swift; path = AppDelegate.swift; sourceTree = "<group>"; };
		82D02F7A29F186A600CCCC4D /* SceneDelegate.swift */ = {isa = PBXFileReference; lastKnownFileType = sourcecode.swift; path = SceneDelegate.swift; sourceTree = "<group>"; };
		82D02F7C29F186A600CCCC4D /* ViewController.swift */ = {isa = PBXFileReference; lastKnownFileType = sourcecode.swift; path = ViewController.swift; sourceTree = "<group>"; };
		82D02F7F29F186A600CCCC4D /* Base */ = {isa = PBXFileReference; lastKnownFileType = file.storyboard; name = Base; path = Base.lproj/Main.storyboard; sourceTree = "<group>"; };
		82D02F8129F186AA00CCCC4D /* Assets.xcassets */ = {isa = PBXFileReference; lastKnownFileType = folder.assetcatalog; path = Assets.xcassets; sourceTree = "<group>"; };
		82D02F8429F186AA00CCCC4D /* Base */ = {isa = PBXFileReference; lastKnownFileType = file.storyboard; name = Base; path = Base.lproj/LaunchScreen.storyboard; sourceTree = "<group>"; };
		82D02F8629F186AA00CCCC4D /* Info.plist */ = {isa = PBXFileReference; lastKnownFileType = text.plist.xml; path = Info.plist; sourceTree = "<group>"; };
		82D02F8C29F1892100CCCC4D /* CompletedViewController.swift */ = {isa = PBXFileReference; lastKnownFileType = sourcecode.swift; path = CompletedViewController.swift; sourceTree = "<group>"; };
/* End PBXFileReference section */

/* Begin PBXFrameworksBuildPhase section */
		82D02F7229F186A600CCCC4D /* Frameworks */ = {
			isa = PBXFrameworksBuildPhase;
			buildActionMask = 2147483647;
			files = (
			);
			runOnlyForDeploymentPostprocessing = 0;
		};
/* End PBXFrameworksBuildPhase section */

/* Begin PBXGroup section */
		82D02F6C29F186A600CCCC4D = {
			isa = PBXGroup;
			children = (
				82D02F7729F186A600CCCC4D /* silly-blanks-starting */,
				82D02F7629F186A600CCCC4D /* Products */,
			);
			sourceTree = "<group>";
		};
		82D02F7629F186A600CCCC4D /* Products */ = {
			isa = PBXGroup;
			children = (
				82D02F7529F186A600CCCC4D /* silly-blanks-starting.app */,
			);
			name = Products;
			sourceTree = "<group>";
		};
		82D02F7729F186A600CCCC4D /* silly-blanks-starting */ = {
			isa = PBXGroup;
			children = (
				82D02F7829F186A600CCCC4D /* AppDelegate.swift */,
				82D02F7A29F186A600CCCC4D /* SceneDelegate.swift */,
				82D02F7C29F186A600CCCC4D /* ViewController.swift */,
				82D02F8C29F1892100CCCC4D /* CompletedViewController.swift */,
				82D02F7E29F186A600CCCC4D /* Main.storyboard */,
				82D02F8129F186AA00CCCC4D /* Assets.xcassets */,
				82D02F8329F186AA00CCCC4D /* LaunchScreen.storyboard */,
				82D02F8629F186AA00CCCC4D /* Info.plist */,
			);
			path = "silly-blanks-starting";
			sourceTree = "<group>";
		};
/* End PBXGroup section */

/* Begin PBXNativeTarget section */
		82D02F7429F186A600CCCC4D /* silly-blanks-starting */ = {
			isa = PBXNativeTarget;
			buildConfigurationList = 82D02F8929F186AA00CCCC4D /* Build configuration list for PBXNativeTarget "silly-blanks-starting" */;
			buildPhases = (
				82D02F7129F186A600CCCC4D /* Sources */,
				82D02F7229F186A600CCCC4D /* Frameworks */,
				82D02F7329F186A600CCCC4D /* Resources */,
			);
			buildRules = (
			);
			dependencies = (
			);
			name = "silly-blanks-starting";
			productName = "silly-blanks-starting";
			productReference = 82D02F7529F186A600CCCC4D /* silly-blanks-starting.app */;
			productType = "com.apple.product-type.application";
		};
/* End PBXNativeTarget section */

/* Begin PBXProject section */
		82D02F6D29F186A600CCCC4D /* Project object */ = {
			isa = PBXProject;
			attributes = {
				BuildIndependentTargetsInParallel = 1;
				LastSwiftUpdateCheck = 1420;
				LastUpgradeCheck = 1420;
				TargetAttributes = {
					82D02F7429F186A600CCCC4D = {
						CreatedOnToolsVersion = 14.2;
					};
				};
			};
			buildConfigurationList = 82D02F7029F186A600CCCC4D /* Build configuration list for PBXProject "silly-blanks-starting" */;
			compatibilityVersion = "Xcode 14.0";
			developmentRegion = en;
			hasScannedForEncodings = 0;
			knownRegions = (
				en,
				Base,
			);
			mainGroup = 82D02F6C29F186A600CCCC4D;
			productRefGroup = 82D02F7629F186A600CCCC4D /* Products */;
			projectDirPath = "";
			projectRoot = "";
			targets = (
				82D02F7429F186A600CCCC4D /* silly-blanks-starting */,
			);
		};
/* End PBXProject section */

/* Begin PBXResourcesBuildPhase section */
		82D02F7329F186A600CCCC4D /* Resources */ = {
			isa = PBXResourcesBuildPhase;
			buildActionMask = 2147483647;
			files = (
				82D02F8529F186AA00CCCC4D /* LaunchScreen.storyboard in Resources */,
				82D02F8229F186AA00CCCC4D /* Assets.xcassets in Resources */,
				82D02F8029F186A600CCCC4D /* Main.storyboard in Resources */,
			);
			runOnlyForDeploymentPostprocessing = 0;
		};
/* End PBXResourcesBuildPhase section */

/* Begin PBXSourcesBuildPhase section */
		82D02F7129F186A600CCCC4D /* Sources */ = {
			isa = PBXSourcesBuildPhase;
			buildActionMask = 2147483647;
			files = (
				82D02F8D29F1892100CCCC4D /* CompletedViewController.swift in Sources */,
				82D02F7D29F186A600CCCC4D /* ViewController.swift in Sources */,
				82D02F7929F186A600CCCC4D /* AppDelegate.swift in Sources */,
				82D02F7B29F186A600CCCC4D /* SceneDelegate.swift in Sources */,
			);
			runOnlyForDeploymentPostprocessing = 0;
		};
/* End PBXSourcesBuildPhase section */

/* Begin PBXVariantGroup section */
		82D02F7E29F186A600CCCC4D /* Main.storyboard */ = {
			isa = PBXVariantGroup;
			children = (
				82D02F7F29F186A600CCCC4D /* Base */,
			);
			name = Main.storyboard;
			sourceTree = "<group>";
		};
		82D02F8329F186AA00CCCC4D /* LaunchScreen.storyboard */ = {
			isa = PBXVariantGroup;
			children = (
				82D02F8429F186AA00CCCC4D /* Base */,
			);
			name = LaunchScreen.storyboard;
			sourceTree = "<group>";
		};
/* End PBXVariantGroup section */

/* Begin XCBuildConfiguration section */
		82D02F8729F186AA00CCCC4D /* Debug */ = {
			isa = XCBuildConfiguration;
			buildSettings = {
				ALWAYS_SEARCH_USER_PATHS = NO;
				CLANG_ANALYZER_NONNULL = YES;
				CLANG_ANALYZER_NUMBER_OBJECT_CONVERSION = YES_AGGRESSIVE;
				CLANG_CXX_LANGUAGE_STANDARD = "gnu++20";
				CLANG_ENABLE_MODULES = YES;
				CLANG_ENABLE_OBJC_ARC = YES;
				CLANG_ENABLE_OBJC_WEAK = YES;
				CLANG_WARN_BLOCK_CAPTURE_AUTORELEASING = YES;
				CLANG_WARN_BOOL_CONVERSION = YES;
				CLANG_WARN_COMMA = YES;
				CLANG_WARN_CONSTANT_CONVERSION = YES;
				CLANG_WARN_DEPRECATED_OBJC_IMPLEMENTATIONS = YES;
				CLANG_WARN_DIRECT_OBJC_ISA_USAGE = YES_ERROR;
				CLANG_WARN_DOCUMENTATION_COMMENTS = YES;
				CLANG_WARN_EMPTY_BODY = YES;
				CLANG_WARN_ENUM_CONVERSION = YES;
				CLANG_WARN_INFINITE_RECURSION = YES;
				CLANG_WARN_INT_CONVERSION = YES;
				CLANG_WARN_NON_LITERAL_NULL_CONVERSION = YES;
				CLANG_WARN_OBJC_IMPLICIT_RETAIN_SELF = YES;
				CLANG_WARN_OBJC_LITERAL_CONVERSION = YES;
				CLANG_WARN_OBJC_ROOT_CLASS = YES_ERROR;
				CLANG_WARN_QUOTED_INCLUDE_IN_FRAMEWORK_HEADER = YES;
				CLANG_WARN_RANGE_LOOP_ANALYSIS = YES;
				CLANG_WARN_STRICT_PROTOTYPES = YES;
				CLANG_WARN_SUSPICIOUS_MOVE = YES;
				CLANG_WARN_UNGUARDED_AVAILABILITY = YES_AGGRESSIVE;
				CLANG_WARN_UNREACHABLE_CODE = YES;
				CLANG_WARN__DUPLICATE_METHOD_MATCH = YES;
				COPY_PHASE_STRIP = NO;
				DEBUG_INFORMATION_FORMAT = dwarf;
				ENABLE_STRICT_OBJC_MSGSEND = YES;
				ENABLE_TESTABILITY = YES;
				GCC_C_LANGUAGE_STANDARD = gnu11;
				GCC_DYNAMIC_NO_PIC = NO;
				GCC_NO_COMMON_BLOCKS = YES;
				GCC_OPTIMIZATION_LEVEL = 0;
				GCC_PREPROCESSOR_DEFINITIONS = (
					"DEBUG=1",
					"$(inherited)",
				);
				GCC_WARN_64_TO_32_BIT_CONVERSION = YES;
				GCC_WARN_ABOUT_RETURN_TYPE = YES_ERROR;
				GCC_WARN_UNDECLARED_SELECTOR = YES;
				GCC_WARN_UNINITIALIZED_AUTOS = YES_AGGRESSIVE;
				GCC_WARN_UNUSED_FUNCTION = YES;
				GCC_WARN_UNUSED_VARIABLE = YES;
				IPHONEOS_DEPLOYMENT_TARGET = 16.2;
				MTL_ENABLE_DEBUG_INFO = INCLUDE_SOURCE;
				MTL_FAST_MATH = YES;
				ONLY_ACTIVE_ARCH = YES;
				SDKROOT = iphoneos;
				SWIFT_ACTIVE_COMPILATION_CONDITIONS = DEBUG;
				SWIFT_OPTIMIZATION_LEVEL = "-Onone";
			};
			name = Debug;
		};
		82D02F8829F186AA00CCCC4D /* Release */ = {
			isa = XCBuildConfiguration;
			buildSettings = {
				ALWAYS_SEARCH_USER_PATHS = NO;
				CLANG_ANALYZER_NONNULL = YES;
				CLANG_ANALYZER_NUMBER_OBJECT_CONVERSION = YES_AGGRESSIVE;
				CLANG_CXX_LANGUAGE_STANDARD = "gnu++20";
				CLANG_ENABLE_MODULES = YES;
				CLANG_ENABLE_OBJC_ARC = YES;
				CLANG_ENABLE_OBJC_WEAK = YES;
				CLANG_WARN_BLOCK_CAPTURE_AUTORELEASING = YES;
				CLANG_WARN_BOOL_CONVERSION = YES;
				CLANG_WARN_COMMA = YES;
				CLANG_WARN_CONSTANT_CONVERSION = YES;
				CLANG_WARN_DEPRECATED_OBJC_IMPLEMENTATIONS = YES;
				CLANG_WARN_DIRECT_OBJC_ISA_USAGE = YES_ERROR;
				CLANG_WARN_DOCUMENTATION_COMMENTS = YES;
				CLANG_WARN_EMPTY_BODY = YES;
				CLANG_WARN_ENUM_CONVERSION = YES;
				CLANG_WARN_INFINITE_RECURSION = YES;
				CLANG_WARN_INT_CONVERSION = YES;
				CLANG_WARN_NON_LITERAL_NULL_CONVERSION = YES;
				CLANG_WARN_OBJC_IMPLICIT_RETAIN_SELF = YES;
				CLANG_WARN_OBJC_LITERAL_CONVERSION = YES;
				CLANG_WARN_OBJC_ROOT_CLASS = YES_ERROR;
				CLANG_WARN_QUOTED_INCLUDE_IN_FRAMEWORK_HEADER = YES;
				CLANG_WARN_RANGE_LOOP_ANALYSIS = YES;
				CLANG_WARN_STRICT_PROTOTYPES = YES;
				CLANG_WARN_SUSPICIOUS_MOVE = YES;
				CLANG_WARN_UNGUARDED_AVAILABILITY = YES_AGGRESSIVE;
				CLANG_WARN_UNREACHABLE_CODE = YES;
				CLANG_WARN__DUPLICATE_METHOD_MATCH = YES;
				COPY_PHASE_STRIP = NO;
				DEBUG_INFORMATION_FORMAT = "dwarf-with-dsym";
				ENABLE_NS_ASSERTIONS = NO;
				ENABLE_STRICT_OBJC_MSGSEND = YES;
				GCC_C_LANGUAGE_STANDARD = gnu11;
				GCC_NO_COMMON_BLOCKS = YES;
				GCC_WARN_64_TO_32_BIT_CONVERSION = YES;
				GCC_WARN_ABOUT_RETURN_TYPE = YES_ERROR;
				GCC_WARN_UNDECLARED_SELECTOR = YES;
				GCC_WARN_UNINITIALIZED_AUTOS = YES_AGGRESSIVE;
				GCC_WARN_UNUSED_FUNCTION = YES;
				GCC_WARN_UNUSED_VARIABLE = YES;
				IPHONEOS_DEPLOYMENT_TARGET = 16.2;
				MTL_ENABLE_DEBUG_INFO = NO;
				MTL_FAST_MATH = YES;
				SDKROOT = iphoneos;
				SWIFT_COMPILATION_MODE = wholemodule;
				SWIFT_OPTIMIZATION_LEVEL = "-O";
				VALIDATE_PRODUCT = YES;
			};
			name = Release;
		};
		82D02F8A29F186AA00CCCC4D /* Debug */ = {
			isa = XCBuildConfiguration;
			buildSettings = {
				ASSETCATALOG_COMPILER_APPICON_NAME = AppIcon;
				ASSETCATALOG_COMPILER_GLOBAL_ACCENT_COLOR_NAME = AccentColor;
				CODE_SIGN_STYLE = Automatic;
				CURRENT_PROJECT_VERSION = 1;
				DEVELOPMENT_TEAM = 9G42BAUCXG;
				GENERATE_INFOPLIST_FILE = YES;
				INFOPLIST_FILE = "silly-blanks-starting/Info.plist";
				INFOPLIST_KEY_CFBundleDisplayName = SillyBlanks;
				INFOPLIST_KEY_UIApplicationSupportsIndirectInputEvents = YES;
				INFOPLIST_KEY_UILaunchStoryboardName = LaunchScreen;
				INFOPLIST_KEY_UIMainStoryboardFile = Main;
				INFOPLIST_KEY_UISupportedInterfaceOrientations_iPad = "UIInterfaceOrientationPortrait UIInterfaceOrientationPortraitUpsideDown UIInterfaceOrientationLandscapeLeft UIInterfaceOrientationLandscapeRight";
				INFOPLIST_KEY_UISupportedInterfaceOrientations_iPhone = "UIInterfaceOrientationPortrait UIInterfaceOrientationLandscapeLeft UIInterfaceOrientationLandscapeRight";
				LD_RUNPATH_SEARCH_PATHS = (
					"$(inherited)",
					"@executable_path/Frameworks",
				);
				MARKETING_VERSION = 1.0;
				PRODUCT_BUNDLE_IDENTIFIER = "com.skirker.silly-blanks.silly-blanks-starting";
				PRODUCT_NAME = "$(TARGET_NAME)";
				SWIFT_EMIT_LOC_STRINGS = YES;
				SWIFT_VERSION = 5.0;
				TARGETED_DEVICE_FAMILY = "1,2";
			};
			name = Debug;
		};
		82D02F8B29F186AA00CCCC4D /* Release */ = {
			isa = XCBuildConfiguration;
			buildSettings = {
				ASSETCATALOG_COMPILER_APPICON_NAME = AppIcon;
				ASSETCATALOG_COMPILER_GLOBAL_ACCENT_COLOR_NAME = AccentColor;
				CODE_SIGN_STYLE = Automatic;
				CURRENT_PROJECT_VERSION = 1;
				DEVELOPMENT_TEAM = 9G42BAUCXG;
				GENERATE_INFOPLIST_FILE = YES;
				INFOPLIST_FILE = "silly-blanks-starting/Info.plist";
				INFOPLIST_KEY_CFBundleDisplayName = SillyBlanks;
				INFOPLIST_KEY_UIApplicationSupportsIndirectInputEvents = YES;
				INFOPLIST_KEY_UILaunchStoryboardName = LaunchScreen;
				INFOPLIST_KEY_UIMainStoryboardFile = Main;
				INFOPLIST_KEY_UISupportedInterfaceOrientations_iPad = "UIInterfaceOrientationPortrait UIInterfaceOrientationPortraitUpsideDown UIInterfaceOrientationLandscapeLeft UIInterfaceOrientationLandscapeRight";
				INFOPLIST_KEY_UISupportedInterfaceOrientations_iPhone = "UIInterfaceOrientationPortrait UIInterfaceOrientationLandscapeLeft UIInterfaceOrientationLandscapeRight";
				LD_RUNPATH_SEARCH_PATHS = (
					"$(inherited)",
					"@executable_path/Frameworks",
				);
				MARKETING_VERSION = 1.0;
				PRODUCT_BUNDLE_IDENTIFIER = "com.skirker.silly-blanks.silly-blanks-starting";
				PRODUCT_NAME = "$(TARGET_NAME)";
				SWIFT_EMIT_LOC_STRINGS = YES;
				SWIFT_VERSION = 5.0;
				TARGETED_DEVICE_FAMILY = "1,2";
			};
			name = Release;
		};
/* End XCBuildConfiguration section */

/* Begin XCConfigurationList section */
		82D02F7029F186A600CCCC4D /* Build configuration list for PBXProject "silly-blanks-starting" */ = {
			isa = XCConfigurationList;
			buildConfigurations = (
				82D02F8729F186AA00CCCC4D /* Debug */,
				82D02F8829F186AA00CCCC4D /* Release */,
			);
			defaultConfigurationIsVisible = 0;
			defaultConfigurationName = Release;
		};
		82D02F8929F186AA00CCCC4D /* Build configuration list for PBXNativeTarget "silly-blanks-starting" */ = {
			isa = XCConfigurationList;
			buildConfigurations = (
				82D02F8A29F186AA00CCCC4D /* Debug */,
				82D02F8B29F186AA00CCCC4D /* Release */,
			);
			defaultConfigurationIsVisible = 0;
			defaultConfigurationName = Release;
		};
/* End XCConfigurationList section */
	};
	rootObject = 82D02F6D29F186A600CCCC4D /* Project object */;
}
